
Microsoft Visual Studio Solution File, Format Version 12.00
# Visual Studio Version 17
VisualStudioVersion = 17.1.32210.238
MinimumVisualStudioVersion = 10.0.40219.1
Project("{FAE04EC0-301F-11D3-BF4B-00C04F79EFBC}") = "ExoApi", "ExoApi\ExoApi.csproj", "{EE43E8BC-3A44-4707-9812-6007400A9588}"
EndProject
Global
	GlobalSection(SolutionConfigurationPlatforms) = preSolution
		Debug|Any CPU = Debug|Any CPU
		Release|Any CPU = Release|Any CPU
	EndGlobalSection
	GlobalSection(ProjectConfigurationPlatforms) = postSolution
		{EE43E8BC-3A44-4707-9812-6007400A9588}.Debug|Any CPU.ActiveCfg = Debug|Any CPU
		{EE43E8BC-3A44-4707-9812-6007400A9588}.Debug|Any CPU.Build.0 = Debug|Any CPU
		{EE43E8BC-3A44-4707-9812-6007400A9588}.Release|Any CPU.ActiveCfg = Release|Any CPU
		{EE43E8BC-3A44-4707-9812-6007400A9588}.Release|Any CPU.Build.0 = Release|Any CPU
	EndGlobalSection
	GlobalSection(SolutionProperties) = preSolution
		HideSolutionNode = FALSE
	EndGlobalSection
	GlobalSection(ExtensibilityGlobals) = postSolution
		SolutionGuid = {3F6E1EF8-86E5-4F8E-B85C-716AB0968F87}
	EndGlobalSection
EndGlobal
